
Microsoft Visual Studio Solution File, Format Version 12.00
# Visual Studio Version 17
VisualStudioVersion = 17.3.32901.215
MinimumVisualStudioVersion = 10.0.40219.1
Project("{FAE04EC0-301F-11D3-BF4B-00C04F79EFBC}") = "SelfDestructButton", "SelfDestructButton\SelfDestructButton.csproj", "{79FC2D90-C629-4055-BBD9-BF3A66BEA338}"
EndProject
Global
	GlobalSection(SolutionConfigurationPlatforms) = preSolution
		Debug|Any CPU = Debug|Any CPU
		Release|Any CPU = Release|Any CPU
	EndGlobalSection
	GlobalSection(ProjectConfigurationPlatforms) = postSolution
		{79FC2D90-C629-4055-BBD9-BF3A66BEA338}.Debug|Any CPU.ActiveCfg = Debug|Any CPU
		{79FC2D90-C629-4055-BBD9-BF3A66BEA338}.Debug|Any CPU.Build.0 = Debug|Any CPU
		{79FC2D90-C629-4055-BBD9-BF3A66BEA338}.Release|Any CPU.ActiveCfg = Release|Any CPU
		{79FC2D90-C629-4055-BBD9-BF3A66BEA338}.Release|Any CPU.Build.0 = Release|Any CPU
	EndGlobalSection
	GlobalSection(SolutionProperties) = preSolution
		HideSolutionNode = FALSE
	EndGlobalSection
	GlobalSection(ExtensibilityGlobals) = postSolution
		SolutionGuid = {51D7CEBA-983F-45CD-B02E-2F5935B1C2C8}
	EndGlobalSection
EndGlobal
